// !$*UTF8*$!
{
	archiveVersion = 1;
	classes = {
	};
	objectVersion = 50;
	objects = {

/* Begin PBXBuildFile section */
		DD16805722FAFDB500F6F10A /* DogTableViewController.swift in Sources */ = {isa = PBXBuildFile; fileRef = DD16805622FAFDB500F6F10A /* DogTableViewController.swift */; };
		DD16805E22FB0C2700F6F10A /* DogCell.swift in Sources */ = {isa = PBXBuildFile; fileRef = DD16805C22FB0C2700F6F10A /* DogCell.swift */; };
		DD16806922FB151B00F6F10A /* dog_types.json in Resources */ = {isa = PBXBuildFile; fileRef = DD16806822FB151B00F6F10A /* dog_types.json */; };
		DD16806B22FB3BE200F6F10A /* Dog.swift in Sources */ = {isa = PBXBuildFile; fileRef = DD16806A22FB3BE200F6F10A /* Dog.swift */; };
		DD16806D22FB496000F6F10A /* DogPool.swift in Sources */ = {isa = PBXBuildFile; fileRef = DD16806C22FB496000F6F10A /* DogPool.swift */; };
		DD16807D22FC451300F6F10A /* OpenSans-LightItalic.ttf in Resources */ = {isa = PBXBuildFile; fileRef = DD16807222FC451200F6F10A /* OpenSans-LightItalic.ttf */; };
		DD16807E22FC451300F6F10A /* OpenSans-Semibold.ttf in Resources */ = {isa = PBXBuildFile; fileRef = DD16807322FC451200F6F10A /* OpenSans-Semibold.ttf */; };
		DD16807F22FC451300F6F10A /* OpenSans-SemiboldItalic.ttf in Resources */ = {isa = PBXBuildFile; fileRef = DD16807422FC451200F6F10A /* OpenSans-SemiboldItalic.ttf */; };
		DD16808022FC451300F6F10A /* OpenSans-Regular.ttf in Resources */ = {isa = PBXBuildFile; fileRef = DD16807522FC451200F6F10A /* OpenSans-Regular.ttf */; };
		DD16808122FC451300F6F10A /* OpenSans-Bold.ttf in Resources */ = {isa = PBXBuildFile; fileRef = DD16807622FC451300F6F10A /* OpenSans-Bold.ttf */; };
		DD16808222FC451300F6F10A /* LICENSE.txt in Resources */ = {isa = PBXBuildFile; fileRef = DD16807722FC451300F6F10A /* LICENSE.txt */; };
		DD16808322FC451300F6F10A /* OpenSans-ExtraBoldItalic.ttf in Resources */ = {isa = PBXBuildFile; fileRef = DD16807822FC451300F6F10A /* OpenSans-ExtraBoldItalic.ttf */; };
		DD16808422FC451300F6F10A /* OpenSans-BoldItalic.ttf in Resources */ = {isa = PBXBuildFile; fileRef = DD16807922FC451300F6F10A /* OpenSans-BoldItalic.ttf */; };
		DD16808522FC451300F6F10A /* OpenSans-ExtraBold.ttf in Resources */ = {isa = PBXBuildFile; fileRef = DD16807A22FC451300F6F10A /* OpenSans-ExtraBold.ttf */; };
		DD16808622FC451300F6F10A /* OpenSans-Light.ttf in Resources */ = {isa = PBXBuildFile; fileRef = DD16807B22FC451300F6F10A /* OpenSans-Light.ttf */; };
		DD16808722FC451300F6F10A /* OpenSans-Italic.ttf in Resources */ = {isa = PBXBuildFile; fileRef = DD16807C22FC451300F6F10A /* OpenSans-Italic.ttf */; };
		DD16808922FC55DE00F6F10A /* Montserrat-Bold.ttf in Resources */ = {isa = PBXBuildFile; fileRef = DD16806E22FC44E300F6F10A /* Montserrat-Bold.ttf */; };
		DD16808A22FC55DE00F6F10A /* Montserrat-Regular.ttf in Resources */ = {isa = PBXBuildFile; fileRef = DD16806F22FC44E300F6F10A /* Montserrat-Regular.ttf */; };
		DD16808B22FC55DE00F6F10A /* MontserratAlternates-Bold.ttf in Resources */ = {isa = PBXBuildFile; fileRef = DD16807122FC44E300F6F10A /* MontserratAlternates-Bold.ttf */; };
		DD16808C22FC55DE00F6F10A /* MontserratAlternates-Regular.ttf in Resources */ = {isa = PBXBuildFile; fileRef = DD16807022FC44E300F6F10A /* MontserratAlternates-Regular.ttf */; };
		DD16808F22FC5CB300F6F10A /* TimelineViewController.swift in Sources */ = {isa = PBXBuildFile; fileRef = DD16808D22FC5CB300F6F10A /* TimelineViewController.swift */; };
		DD16809322FC5D6D00F6F10A /* TimelineCollectionViewCell.swift in Sources */ = {isa = PBXBuildFile; fileRef = DD16809122FC5D6D00F6F10A /* TimelineCollectionViewCell.swift */; };
		DD16809422FC5D6D00F6F10A /* TimelineCollectionViewCell.xib in Resources */ = {isa = PBXBuildFile; fileRef = DD16809222FC5D6D00F6F10A /* TimelineCollectionViewCell.xib */; };
		DD1680B822FDA4CD00F6F10A /* PinterestLayout.swift in Sources */ = {isa = PBXBuildFile; fileRef = DD1680B722FDA4CD00F6F10A /* PinterestLayout.swift */; };
		DDBAD11322F6F3CD00BCCC81 /* Statement.swift in Sources */ = {isa = PBXBuildFile; fileRef = DDBAD11222F6F3CD00BCCC81 /* Statement.swift */; };
		DDBAD11522F6F53800BCCC81 /* StatementPool.swift in Sources */ = {isa = PBXBuildFile; fileRef = DDBAD11422F6F53800BCCC81 /* StatementPool.swift */; };
		DDBAD11822F6FBB400BCCC81 /* DogRepository.swift in Sources */ = {isa = PBXBuildFile; fileRef = DDBAD11722F6FBB400BCCC81 /* DogRepository.swift */; };
		DDBAD11B22F7651000BCCC81 /* AnswerButton.swift in Sources */ = {isa = PBXBuildFile; fileRef = DDBAD11A22F7651000BCCC81 /* AnswerButton.swift */; };
		DDBAD14222F8663D00BCCC81 /* StatementViewController.swift in Sources */ = {isa = PBXBuildFile; fileRef = DDBAD11C22F76D8D00BCCC81 /* StatementViewController.swift */; };
		DDBAD14C22F8771500BCCC81 /* QuizCoordinator.swift in Sources */ = {isa = PBXBuildFile; fileRef = DDBAD11F22F78E8A00BCCC81 /* QuizCoordinator.swift */; };
		DDBAD14D22F8778000BCCC81 /* ResultViewController.swift in Sources */ = {isa = PBXBuildFile; fileRef = DDBAD14622F8758300BCCC81 /* ResultViewController.swift */; };
		DDBAD15522F9B30900BCCC81 /* ImageType.swift in Sources */ = {isa = PBXBuildFile; fileRef = DDBAD15422F9B30900BCCC81 /* ImageType.swift */; };
		DDBAD15722F9B53000BCCC81 /* DogProfileViewController.swift in Sources */ = {isa = PBXBuildFile; fileRef = DDBAD15622F9B53000BCCC81 /* DogProfileViewController.swift */; };
		DDE68EDD23004AAF0091C90A /* InfoTableViewController.swift in Sources */ = {isa = PBXBuildFile; fileRef = DDE68EDC23004AAF0091C90A /* InfoTableViewController.swift */; };
		DDE68EE0230060350091C90A /* InfoTableCell.swift in Sources */ = {isa = PBXBuildFile; fileRef = DDE68EDE230060350091C90A /* InfoTableCell.swift */; };
		DDE68EE1230060350091C90A /* InfoTableCell.xib in Resources */ = {isa = PBXBuildFile; fileRef = DDE68EDF230060350091C90A /* InfoTableCell.xib */; };
		DDE68EE3230061D50091C90A /* DogInfoCell.swift in Sources */ = {isa = PBXBuildFile; fileRef = DDE68EE2230061D50091C90A /* DogInfoCell.swift */; };
		DDE68EE62300833A0091C90A /* InfoTableCollectionCell.swift in Sources */ = {isa = PBXBuildFile; fileRef = DDE68EE42300833A0091C90A /* InfoTableCollectionCell.swift */; };
		DDE68EE72300833A0091C90A /* InfoTableCollectionCell.xib in Resources */ = {isa = PBXBuildFile; fileRef = DDE68EE52300833A0091C90A /* InfoTableCollectionCell.xib */; };
		DDE68EE923014CA40091C90A /* FullScreenImageViewController.swift in Sources */ = {isa = PBXBuildFile; fileRef = DDE68EE823014CA40091C90A /* FullScreenImageViewController.swift */; };
		F61DD2B022F3926700B31D4A /* AppDelegate.swift in Sources */ = {isa = PBXBuildFile; fileRef = F61DD2AF22F3926700B31D4A /* AppDelegate.swift */; };
		F61DD2B222F3926700B31D4A /* InitialViewController.swift in Sources */ = {isa = PBXBuildFile; fileRef = F61DD2B122F3926700B31D4A /* InitialViewController.swift */; };
		F61DD2B522F3926700B31D4A /* Main.storyboard in Resources */ = {isa = PBXBuildFile; fileRef = F61DD2B322F3926700B31D4A /* Main.storyboard */; };
		F61DD2B722F3926900B31D4A /* Assets.xcassets in Resources */ = {isa = PBXBuildFile; fileRef = F61DD2B622F3926900B31D4A /* Assets.xcassets */; };
		F61DD2BA22F3926900B31D4A /* LaunchScreen.storyboard in Resources */ = {isa = PBXBuildFile; fileRef = F61DD2B822F3926900B31D4A /* LaunchScreen.storyboard */; };
		F61DD2C222F392B600B31D4A /* dog_questions_multiple.json in Resources */ = {isa = PBXBuildFile; fileRef = F61DD2C122F392B600B31D4A /* dog_questions_multiple.json */; };
/* End PBXBuildFile section */

/* Begin PBXFileReference section */
		DD16805622FAFDB500F6F10A /* DogTableViewController.swift */ = {isa = PBXFileReference; lastKnownFileType = sourcecode.swift; path = DogTableViewController.swift; sourceTree = "<group>"; };
		DD16805C22FB0C2700F6F10A /* DogCell.swift */ = {isa = PBXFileReference; lastKnownFileType = sourcecode.swift; path = DogCell.swift; sourceTree = "<group>"; };
		DD16806822FB151B00F6F10A /* dog_types.json */ = {isa = PBXFileReference; lastKnownFileType = text.json; path = dog_types.json; sourceTree = "<group>"; };
		DD16806A22FB3BE200F6F10A /* Dog.swift */ = {isa = PBXFileReference; lastKnownFileType = sourcecode.swift; path = Dog.swift; sourceTree = "<group>"; };
		DD16806C22FB496000F6F10A /* DogPool.swift */ = {isa = PBXFileReference; lastKnownFileType = sourcecode.swift; path = DogPool.swift; sourceTree = "<group>"; };
		DD16806E22FC44E300F6F10A /* Montserrat-Bold.ttf */ = {isa = PBXFileReference; lastKnownFileType = file; path = "Montserrat-Bold.ttf"; sourceTree = "<group>"; };
		DD16806F22FC44E300F6F10A /* Montserrat-Regular.ttf */ = {isa = PBXFileReference; lastKnownFileType = file; path = "Montserrat-Regular.ttf"; sourceTree = "<group>"; };
		DD16807022FC44E300F6F10A /* MontserratAlternates-Regular.ttf */ = {isa = PBXFileReference; lastKnownFileType = file; path = "MontserratAlternates-Regular.ttf"; sourceTree = "<group>"; };
		DD16807122FC44E300F6F10A /* MontserratAlternates-Bold.ttf */ = {isa = PBXFileReference; lastKnownFileType = file; path = "MontserratAlternates-Bold.ttf"; sourceTree = "<group>"; };
		DD16807222FC451200F6F10A /* OpenSans-LightItalic.ttf */ = {isa = PBXFileReference; lastKnownFileType = file; path = "OpenSans-LightItalic.ttf"; sourceTree = "<group>"; };
		DD16807322FC451200F6F10A /* OpenSans-Semibold.ttf */ = {isa = PBXFileReference; lastKnownFileType = file; path = "OpenSans-Semibold.ttf"; sourceTree = "<group>"; };
		DD16807422FC451200F6F10A /* OpenSans-SemiboldItalic.ttf */ = {isa = PBXFileReference; lastKnownFileType = file; path = "OpenSans-SemiboldItalic.ttf"; sourceTree = "<group>"; };
		DD16807522FC451200F6F10A /* OpenSans-Regular.ttf */ = {isa = PBXFileReference; lastKnownFileType = file; path = "OpenSans-Regular.ttf"; sourceTree = "<group>"; };
		DD16807622FC451300F6F10A /* OpenSans-Bold.ttf */ = {isa = PBXFileReference; lastKnownFileType = file; path = "OpenSans-Bold.ttf"; sourceTree = "<group>"; };
		DD16807722FC451300F6F10A /* LICENSE.txt */ = {isa = PBXFileReference; fileEncoding = 4; lastKnownFileType = text; path = LICENSE.txt; sourceTree = "<group>"; };
		DD16807822FC451300F6F10A /* OpenSans-ExtraBoldItalic.ttf */ = {isa = PBXFileReference; lastKnownFileType = file; path = "OpenSans-ExtraBoldItalic.ttf"; sourceTree = "<group>"; };
		DD16807922FC451300F6F10A /* OpenSans-BoldItalic.ttf */ = {isa = PBXFileReference; lastKnownFileType = file; path = "OpenSans-BoldItalic.ttf"; sourceTree = "<group>"; };
		DD16807A22FC451300F6F10A /* OpenSans-ExtraBold.ttf */ = {isa = PBXFileReference; lastKnownFileType = file; path = "OpenSans-ExtraBold.ttf"; sourceTree = "<group>"; };
		DD16807B22FC451300F6F10A /* OpenSans-Light.ttf */ = {isa = PBXFileReference; lastKnownFileType = file; path = "OpenSans-Light.ttf"; sourceTree = "<group>"; };
		DD16807C22FC451300F6F10A /* OpenSans-Italic.ttf */ = {isa = PBXFileReference; lastKnownFileType = file; path = "OpenSans-Italic.ttf"; sourceTree = "<group>"; };
		DD16808D22FC5CB300F6F10A /* TimelineViewController.swift */ = {isa = PBXFileReference; lastKnownFileType = sourcecode.swift; path = TimelineViewController.swift; sourceTree = "<group>"; };
		DD16809122FC5D6D00F6F10A /* TimelineCollectionViewCell.swift */ = {isa = PBXFileReference; lastKnownFileType = sourcecode.swift; path = TimelineCollectionViewCell.swift; sourceTree = "<group>"; };
		DD16809222FC5D6D00F6F10A /* TimelineCollectionViewCell.xib */ = {isa = PBXFileReference; lastKnownFileType = file.xib; path = TimelineCollectionViewCell.xib; sourceTree = "<group>"; };
		DD1680B722FDA4CD00F6F10A /* PinterestLayout.swift */ = {isa = PBXFileReference; lastKnownFileType = sourcecode.swift; path = PinterestLayout.swift; sourceTree = "<group>"; };
		DDBAD11222F6F3CD00BCCC81 /* Statement.swift */ = {isa = PBXFileReference; lastKnownFileType = sourcecode.swift; path = Statement.swift; sourceTree = "<group>"; };
		DDBAD11422F6F53800BCCC81 /* StatementPool.swift */ = {isa = PBXFileReference; lastKnownFileType = sourcecode.swift; path = StatementPool.swift; sourceTree = "<group>"; };
		DDBAD11722F6FBB400BCCC81 /* DogRepository.swift */ = {isa = PBXFileReference; lastKnownFileType = sourcecode.swift; path = DogRepository.swift; sourceTree = "<group>"; };
		DDBAD11A22F7651000BCCC81 /* AnswerButton.swift */ = {isa = PBXFileReference; lastKnownFileType = sourcecode.swift; path = AnswerButton.swift; sourceTree = "<group>"; };
		DDBAD11C22F76D8D00BCCC81 /* StatementViewController.swift */ = {isa = PBXFileReference; lastKnownFileType = sourcecode.swift; path = StatementViewController.swift; sourceTree = "<group>"; };
		DDBAD11F22F78E8A00BCCC81 /* QuizCoordinator.swift */ = {isa = PBXFileReference; lastKnownFileType = sourcecode.swift; path = QuizCoordinator.swift; sourceTree = "<group>"; };
		DDBAD14622F8758300BCCC81 /* ResultViewController.swift */ = {isa = PBXFileReference; lastKnownFileType = sourcecode.swift; path = ResultViewController.swift; sourceTree = "<group>"; };
		DDBAD15422F9B30900BCCC81 /* ImageType.swift */ = {isa = PBXFileReference; lastKnownFileType = sourcecode.swift; path = ImageType.swift; sourceTree = "<group>"; };
		DDBAD15622F9B53000BCCC81 /* DogProfileViewController.swift */ = {isa = PBXFileReference; lastKnownFileType = sourcecode.swift; path = DogProfileViewController.swift; sourceTree = "<group>"; };
		DDE68EDC23004AAF0091C90A /* InfoTableViewController.swift */ = {isa = PBXFileReference; lastKnownFileType = sourcecode.swift; path = InfoTableViewController.swift; sourceTree = "<group>"; };
		DDE68EDE230060350091C90A /* InfoTableCell.swift */ = {isa = PBXFileReference; lastKnownFileType = sourcecode.swift; path = InfoTableCell.swift; sourceTree = "<group>"; };
		DDE68EDF230060350091C90A /* InfoTableCell.xib */ = {isa = PBXFileReference; lastKnownFileType = file.xib; path = InfoTableCell.xib; sourceTree = "<group>"; };
		DDE68EE2230061D50091C90A /* DogInfoCell.swift */ = {isa = PBXFileReference; lastKnownFileType = sourcecode.swift; path = DogInfoCell.swift; sourceTree = "<group>"; };
		DDE68EE42300833A0091C90A /* InfoTableCollectionCell.swift */ = {isa = PBXFileReference; lastKnownFileType = sourcecode.swift; path = InfoTableCollectionCell.swift; sourceTree = "<group>"; };
		DDE68EE52300833A0091C90A /* InfoTableCollectionCell.xib */ = {isa = PBXFileReference; lastKnownFileType = file.xib; path = InfoTableCollectionCell.xib; sourceTree = "<group>"; };
		DDE68EE823014CA40091C90A /* FullScreenImageViewController.swift */ = {isa = PBXFileReference; lastKnownFileType = sourcecode.swift; path = FullScreenImageViewController.swift; sourceTree = "<group>"; };
		F61DD2AC22F3926700B31D4A /* Doggoh-Starter.app */ = {isa = PBXFileReference; explicitFileType = wrapper.application; includeInIndex = 0; path = "Doggoh-Starter.app"; sourceTree = BUILT_PRODUCTS_DIR; };
		F61DD2AF22F3926700B31D4A /* AppDelegate.swift */ = {isa = PBXFileReference; lastKnownFileType = sourcecode.swift; path = AppDelegate.swift; sourceTree = "<group>"; };
		F61DD2B122F3926700B31D4A /* InitialViewController.swift */ = {isa = PBXFileReference; lastKnownFileType = sourcecode.swift; path = InitialViewController.swift; sourceTree = "<group>"; };
		F61DD2B422F3926700B31D4A /* Base */ = {isa = PBXFileReference; lastKnownFileType = file.storyboard; name = Base; path = Base.lproj/Main.storyboard; sourceTree = "<group>"; };
		F61DD2B622F3926900B31D4A /* Assets.xcassets */ = {isa = PBXFileReference; lastKnownFileType = folder.assetcatalog; path = Assets.xcassets; sourceTree = "<group>"; };
		F61DD2B922F3926900B31D4A /* Base */ = {isa = PBXFileReference; lastKnownFileType = file.storyboard; name = Base; path = Base.lproj/LaunchScreen.storyboard; sourceTree = "<group>"; };
		F61DD2BB22F3926900B31D4A /* Info.plist */ = {isa = PBXFileReference; lastKnownFileType = text.plist.xml; path = Info.plist; sourceTree = "<group>"; };
		F61DD2C122F392B600B31D4A /* dog_questions_multiple.json */ = {isa = PBXFileReference; fileEncoding = 4; lastKnownFileType = text.json; path = dog_questions_multiple.json; sourceTree = "<group>"; };
/* End PBXFileReference section */

/* Begin PBXFrameworksBuildPhase section */
		F61DD2A922F3926700B31D4A /* Frameworks */ = {
			isa = PBXFrameworksBuildPhase;
			buildActionMask = 2147483647;
			files = (
			);
			runOnlyForDeploymentPostprocessing = 0;
		};
/* End PBXFrameworksBuildPhase section */

/* Begin PBXGroup section */
		DD16808822FC456600F6F10A /* Fonts */ = {
			isa = PBXGroup;
			children = (
				DD16807722FC451300F6F10A /* LICENSE.txt */,
				DD16807622FC451300F6F10A /* OpenSans-Bold.ttf */,
				DD16807922FC451300F6F10A /* OpenSans-BoldItalic.ttf */,
				DD16807A22FC451300F6F10A /* OpenSans-ExtraBold.ttf */,
				DD16807822FC451300F6F10A /* OpenSans-ExtraBoldItalic.ttf */,
				DD16807C22FC451300F6F10A /* OpenSans-Italic.ttf */,
				DD16807B22FC451300F6F10A /* OpenSans-Light.ttf */,
				DD16807222FC451200F6F10A /* OpenSans-LightItalic.ttf */,
				DD16807522FC451200F6F10A /* OpenSans-Regular.ttf */,
				DD16807322FC451200F6F10A /* OpenSans-Semibold.ttf */,
				DD16807422FC451200F6F10A /* OpenSans-SemiboldItalic.ttf */,
				DD16806E22FC44E300F6F10A /* Montserrat-Bold.ttf */,
				DD16806F22FC44E300F6F10A /* Montserrat-Regular.ttf */,
				DD16807122FC44E300F6F10A /* MontserratAlternates-Bold.ttf */,
				DD16807022FC44E300F6F10A /* MontserratAlternates-Regular.ttf */,
			);
			path = Fonts;
			sourceTree = "<group>";
		};
		DDBAD11022F5C88F00BCCC81 /* Controller */ = {
			isa = PBXGroup;
			children = (
				F61DD2B122F3926700B31D4A /* InitialViewController.swift */,
				DDBAD11C22F76D8D00BCCC81 /* StatementViewController.swift */,
				DDBAD14622F8758300BCCC81 /* ResultViewController.swift */,
				DD16808D22FC5CB300F6F10A /* TimelineViewController.swift */,
				DD16805622FAFDB500F6F10A /* DogTableViewController.swift */,
				DDE68EDC23004AAF0091C90A /* InfoTableViewController.swift */,
				DDE68EE823014CA40091C90A /* FullScreenImageViewController.swift */,
				DDBAD15622F9B53000BCCC81 /* DogProfileViewController.swift */,
			);
			path = Controller;
			sourceTree = "<group>";
		};
		DDBAD11122F6F3B300BCCC81 /* Model */ = {
			isa = PBXGroup;
			children = (
				DD16806A22FB3BE200F6F10A /* Dog.swift */,
				DD16806C22FB496000F6F10A /* DogPool.swift */,
				DD16805C22FB0C2700F6F10A /* DogCell.swift */,
				DDE68EE2230061D50091C90A /* DogInfoCell.swift */,
				DDBAD11222F6F3CD00BCCC81 /* Statement.swift */,
				DDBAD11422F6F53800BCCC81 /* StatementPool.swift */,
			);
			path = Model;
			sourceTree = "<group>";
		};
		DDBAD11622F6FB8500BCCC81 /* DogRepository */ = {
			isa = PBXGroup;
			children = (
				DDBAD11722F6FBB400BCCC81 /* DogRepository.swift */,
			);
			path = DogRepository;
			sourceTree = "<group>";
		};
		DDBAD11922F764E300BCCC81 /* View */ = {
			isa = PBXGroup;
			children = (
				DDBAD11A22F7651000BCCC81 /* AnswerButton.swift */,
				DDBAD15422F9B30900BCCC81 /* ImageType.swift */,
				DD16809122FC5D6D00F6F10A /* TimelineCollectionViewCell.swift */,
				DD16809222FC5D6D00F6F10A /* TimelineCollectionViewCell.xib */,
				DD1680B722FDA4CD00F6F10A /* PinterestLayout.swift */,
				DDE68EDE230060350091C90A /* InfoTableCell.swift */,
				DDE68EDF230060350091C90A /* InfoTableCell.xib */,
				DDE68EE42300833A0091C90A /* InfoTableCollectionCell.swift */,
				DDE68EE52300833A0091C90A /* InfoTableCollectionCell.xib */,
			);
			path = View;
			sourceTree = "<group>";
		};
		DDBAD11E22F78E7100BCCC81 /* Coordinator */ = {
			isa = PBXGroup;
			children = (
				DDBAD11F22F78E8A00BCCC81 /* QuizCoordinator.swift */,
			);
			path = Coordinator;
			sourceTree = "<group>";
		};
		F61DD2A322F3926700B31D4A = {
			isa = PBXGroup;
			children = (
				F61DD2AE22F3926700B31D4A /* Doggoh-Starter */,
				F61DD2AD22F3926700B31D4A /* Products */,
			);
			sourceTree = "<group>";
		};
		F61DD2AD22F3926700B31D4A /* Products */ = {
			isa = PBXGroup;
			children = (
				F61DD2AC22F3926700B31D4A /* Doggoh-Starter.app */,
			);
			name = Products;
			sourceTree = "<group>";
		};
		F61DD2AE22F3926700B31D4A /* Doggoh-Starter */ = {
			isa = PBXGroup;
			children = (
				DDBAD11E22F78E7100BCCC81 /* Coordinator */,
				DDBAD11922F764E300BCCC81 /* View */,
				DDBAD11022F5C88F00BCCC81 /* Controller */,
				DDBAD11122F6F3B300BCCC81 /* Model */,
				DDBAD11622F6FB8500BCCC81 /* DogRepository */,
				F6693CCC22F4973600CD3720 /* Resources */,
				F61DD2AF22F3926700B31D4A /* AppDelegate.swift */,
				F61DD2B322F3926700B31D4A /* Main.storyboard */,
				F61DD2B622F3926900B31D4A /* Assets.xcassets */,
				F61DD2B822F3926900B31D4A /* LaunchScreen.storyboard */,
				F61DD2BB22F3926900B31D4A /* Info.plist */,
				DD16806822FB151B00F6F10A /* dog_types.json */,
				F61DD2C122F392B600B31D4A /* dog_questions_multiple.json */,
			);
			path = "Doggoh-Starter";
			sourceTree = "<group>";
		};
		F6693CCC22F4973600CD3720 /* Resources */ = {
			isa = PBXGroup;
			children = (
				DD16808822FC456600F6F10A /* Fonts */,
			);
			path = Resources;
			sourceTree = "<group>";
		};
/* End PBXGroup section */

/* Begin PBXNativeTarget section */
		F61DD2AB22F3926700B31D4A /* Doggoh-Starter */ = {
			isa = PBXNativeTarget;
			buildConfigurationList = F61DD2BE22F3926900B31D4A /* Build configuration list for PBXNativeTarget "Doggoh-Starter" */;
			buildPhases = (
				F61DD2A822F3926700B31D4A /* Sources */,
				F61DD2A922F3926700B31D4A /* Frameworks */,
				F61DD2AA22F3926700B31D4A /* Resources */,
			);
			buildRules = (
			);
			dependencies = (
			);
			name = "Doggoh-Starter";
			productName = "Doggoh-Starter";
			productReference = F61DD2AC22F3926700B31D4A /* Doggoh-Starter.app */;
			productType = "com.apple.product-type.application";
		};
/* End PBXNativeTarget section */

/* Begin PBXProject section */
		F61DD2A422F3926700B31D4A /* Project object */ = {
			isa = PBXProject;
			attributes = {
				LastSwiftUpdateCheck = 1020;
				LastUpgradeCheck = 1020;
				ORGANIZATIONNAME = "Endava Internship 2019";
				TargetAttributes = {
					F61DD2AB22F3926700B31D4A = {
						CreatedOnToolsVersion = 10.2;
					};
				};
			};
			buildConfigurationList = F61DD2A722F3926700B31D4A /* Build configuration list for PBXProject "Doggoh-Starter" */;
			compatibilityVersion = "Xcode 9.3";
			developmentRegion = en;
			hasScannedForEncodings = 0;
			knownRegions = (
				en,
				Base,
			);
			mainGroup = F61DD2A322F3926700B31D4A;
			productRefGroup = F61DD2AD22F3926700B31D4A /* Products */;
			projectDirPath = "";
			projectRoot = "";
			targets = (
				F61DD2AB22F3926700B31D4A /* Doggoh-Starter */,
			);
		};
/* End PBXProject section */

/* Begin PBXResourcesBuildPhase section */
		F61DD2AA22F3926700B31D4A /* Resources */ = {
			isa = PBXResourcesBuildPhase;
			buildActionMask = 2147483647;
			files = (
				DD16809422FC5D6D00F6F10A /* TimelineCollectionViewCell.xib in Resources */,
				DD16808922FC55DE00F6F10A /* Montserrat-Bold.ttf in Resources */,
				DD16808A22FC55DE00F6F10A /* Montserrat-Regular.ttf in Resources */,
				DD16808B22FC55DE00F6F10A /* MontserratAlternates-Bold.ttf in Resources */,
				DD16808C22FC55DE00F6F10A /* MontserratAlternates-Regular.ttf in Resources */,
				DD16808222FC451300F6F10A /* LICENSE.txt in Resources */,
				DD16807F22FC451300F6F10A /* OpenSans-SemiboldItalic.ttf in Resources */,
				F61DD2BA22F3926900B31D4A /* LaunchScreen.storyboard in Resources */,
				DD16808622FC451300F6F10A /* OpenSans-Light.ttf in Resources */,
				F61DD2B722F3926900B31D4A /* Assets.xcassets in Resources */,
				DD16807D22FC451300F6F10A /* OpenSans-LightItalic.ttf in Resources */,
				DDE68EE72300833A0091C90A /* InfoTableCollectionCell.xib in Resources */,
				F61DD2C222F392B600B31D4A /* dog_questions_multiple.json in Resources */,
				F61DD2B522F3926700B31D4A /* Main.storyboard in Resources */,
				DD16808322FC451300F6F10A /* OpenSans-ExtraBoldItalic.ttf in Resources */,
				DD16808722FC451300F6F10A /* OpenSans-Italic.ttf in Resources */,
				DD16808422FC451300F6F10A /* OpenSans-BoldItalic.ttf in Resources */,
				DD16808522FC451300F6F10A /* OpenSans-ExtraBold.ttf in Resources */,
				DD16807E22FC451300F6F10A /* OpenSans-Semibold.ttf in Resources */,
				DD16808022FC451300F6F10A /* OpenSans-Regular.ttf in Resources */,
				DD16808122FC451300F6F10A /* OpenSans-Bold.ttf in Resources */,
				DDE68EE1230060350091C90A /* InfoTableCell.xib in Resources */,
				DD16806922FB151B00F6F10A /* dog_types.json in Resources */,
			);
			runOnlyForDeploymentPostprocessing = 0;
		};
/* End PBXResourcesBuildPhase section */

/* Begin PBXSourcesBuildPhase section */
		F61DD2A822F3926700B31D4A /* Sources */ = {
			isa = PBXSourcesBuildPhase;
			buildActionMask = 2147483647;
			files = (
				DD16805722FAFDB500F6F10A /* DogTableViewController.swift in Sources */,
				DDBAD11322F6F3CD00BCCC81 /* Statement.swift in Sources */,
				DDBAD11522F6F53800BCCC81 /* StatementPool.swift in Sources */,
				DD1680B822FDA4CD00F6F10A /* PinterestLayout.swift in Sources */,
				DDBAD11822F6FBB400BCCC81 /* DogRepository.swift in Sources */,
				DDBAD15722F9B53000BCCC81 /* DogProfileViewController.swift in Sources */,
				DDE68EE0230060350091C90A /* InfoTableCell.swift in Sources */,
				F61DD2B222F3926700B31D4A /* InitialViewController.swift in Sources */,
				DDE68EE62300833A0091C90A /* InfoTableCollectionCell.swift in Sources */,
				DDBAD14222F8663D00BCCC81 /* StatementViewController.swift in Sources */,
				DD16806D22FB496000F6F10A /* DogPool.swift in Sources */,
				F61DD2B022F3926700B31D4A /* AppDelegate.swift in Sources */,
				DD16806B22FB3BE200F6F10A /* Dog.swift in Sources */,
				DDE68EDD23004AAF0091C90A /* InfoTableViewController.swift in Sources */,
				DDE68EE923014CA40091C90A /* FullScreenImageViewController.swift in Sources */,
				DD16805E22FB0C2700F6F10A /* DogCell.swift in Sources */,
				DDBAD11B22F7651000BCCC81 /* AnswerButton.swift in Sources */,
				DDE68EE3230061D50091C90A /* DogInfoCell.swift in Sources */,
				DDBAD15522F9B30900BCCC81 /* ImageType.swift in Sources */,
				DD16808F22FC5CB300F6F10A /* TimelineViewController.swift in Sources */,
				DDBAD14C22F8771500BCCC81 /* QuizCoordinator.swift in Sources */,
				DD16809322FC5D6D00F6F10A /* TimelineCollectionViewCell.swift in Sources */,
				DDBAD14D22F8778000BCCC81 /* ResultViewController.swift in Sources */,
			);
			runOnlyForDeploymentPostprocessing = 0;
		};
/* End PBXSourcesBuildPhase section */

/* Begin PBXVariantGroup section */
		F61DD2B322F3926700B31D4A /* Main.storyboard */ = {
			isa = PBXVariantGroup;
			children = (
				F61DD2B422F3926700B31D4A /* Base */,
			);
			name = Main.storyboard;
			sourceTree = "<group>";
		};
		F61DD2B822F3926900B31D4A /* LaunchScreen.storyboard */ = {
			isa = PBXVariantGroup;
			children = (
				F61DD2B922F3926900B31D4A /* Base */,
			);
			name = LaunchScreen.storyboard;
			sourceTree = "<group>";
		};
/* End PBXVariantGroup section */

/* Begin XCBuildConfiguration section */
		F61DD2BC22F3926900B31D4A /* Debug */ = {
			isa = XCBuildConfiguration;
			buildSettings = {
				ALWAYS_SEARCH_USER_PATHS = NO;
				CLANG_ANALYZER_NONNULL = YES;
				CLANG_ANALYZER_NUMBER_OBJECT_CONVERSION = YES_AGGRESSIVE;
				CLANG_CXX_LANGUAGE_STANDARD = "gnu++14";
				CLANG_CXX_LIBRARY = "libc++";
				CLANG_ENABLE_MODULES = YES;
				CLANG_ENABLE_OBJC_ARC = YES;
				CLANG_ENABLE_OBJC_WEAK = YES;
				CLANG_WARN_BLOCK_CAPTURE_AUTORELEASING = YES;
				CLANG_WARN_BOOL_CONVERSION = YES;
				CLANG_WARN_COMMA = YES;
				CLANG_WARN_CONSTANT_CONVERSION = YES;
				CLANG_WARN_DEPRECATED_OBJC_IMPLEMENTATIONS = YES;
				CLANG_WARN_DIRECT_OBJC_ISA_USAGE = YES_ERROR;
				CLANG_WARN_DOCUMENTATION_COMMENTS = YES;
				CLANG_WARN_EMPTY_BODY = YES;
				CLANG_WARN_ENUM_CONVERSION = YES;
				CLANG_WARN_INFINITE_RECURSION = YES;
				CLANG_WARN_INT_CONVERSION = YES;
				CLANG_WARN_NON_LITERAL_NULL_CONVERSION = YES;
				CLANG_WARN_OBJC_IMPLICIT_RETAIN_SELF = YES;
				CLANG_WARN_OBJC_LITERAL_CONVERSION = YES;
				CLANG_WARN_OBJC_ROOT_CLASS = YES_ERROR;
				CLANG_WARN_RANGE_LOOP_ANALYSIS = YES;
				CLANG_WARN_STRICT_PROTOTYPES = YES;
				CLANG_WARN_SUSPICIOUS_MOVE = YES;
				CLANG_WARN_UNGUARDED_AVAILABILITY = YES_AGGRESSIVE;
				CLANG_WARN_UNREACHABLE_CODE = YES;
				CLANG_WARN__DUPLICATE_METHOD_MATCH = YES;
				CODE_SIGN_IDENTITY = "iPhone Developer";
				COPY_PHASE_STRIP = NO;
				DEBUG_INFORMATION_FORMAT = dwarf;
				ENABLE_STRICT_OBJC_MSGSEND = YES;
				ENABLE_TESTABILITY = YES;
				GCC_C_LANGUAGE_STANDARD = gnu11;
				GCC_DYNAMIC_NO_PIC = NO;
				GCC_NO_COMMON_BLOCKS = YES;
				GCC_OPTIMIZATION_LEVEL = 0;
				GCC_PREPROCESSOR_DEFINITIONS = (
					"DEBUG=1",
					"$(inherited)",
				);
				GCC_WARN_64_TO_32_BIT_CONVERSION = YES;
				GCC_WARN_ABOUT_RETURN_TYPE = YES_ERROR;
				GCC_WARN_UNDECLARED_SELECTOR = YES;
				GCC_WARN_UNINITIALIZED_AUTOS = YES_AGGRESSIVE;
				GCC_WARN_UNUSED_FUNCTION = YES;
				GCC_WARN_UNUSED_VARIABLE = YES;
				IPHONEOS_DEPLOYMENT_TARGET = 12.2;
				MTL_ENABLE_DEBUG_INFO = INCLUDE_SOURCE;
				MTL_FAST_MATH = YES;
				ONLY_ACTIVE_ARCH = YES;
				SDKROOT = iphoneos;
				SWIFT_ACTIVE_COMPILATION_CONDITIONS = DEBUG;
				SWIFT_OPTIMIZATION_LEVEL = "-Onone";
			};
			name = Debug;
		};
		F61DD2BD22F3926900B31D4A /* Release */ = {
			isa = XCBuildConfiguration;
			buildSettings = {
				ALWAYS_SEARCH_USER_PATHS = NO;
				CLANG_ANALYZER_NONNULL = YES;
				CLANG_ANALYZER_NUMBER_OBJECT_CONVERSION = YES_AGGRESSIVE;
				CLANG_CXX_LANGUAGE_STANDARD = "gnu++14";
				CLANG_CXX_LIBRARY = "libc++";
				CLANG_ENABLE_MODULES = YES;
				CLANG_ENABLE_OBJC_ARC = YES;
				CLANG_ENABLE_OBJC_WEAK = YES;
				CLANG_WARN_BLOCK_CAPTURE_AUTORELEASING = YES;
				CLANG_WARN_BOOL_CONVERSION = YES;
				CLANG_WARN_COMMA = YES;
				CLANG_WARN_CONSTANT_CONVERSION = YES;
				CLANG_WARN_DEPRECATED_OBJC_IMPLEMENTATIONS = YES;
				CLANG_WARN_DIRECT_OBJC_ISA_USAGE = YES_ERROR;
				CLANG_WARN_DOCUMENTATION_COMMENTS = YES;
				CLANG_WARN_EMPTY_BODY = YES;
				CLANG_WARN_ENUM_CONVERSION = YES;
				CLANG_WARN_INFINITE_RECURSION = YES;
				CLANG_WARN_INT_CONVERSION = YES;
				CLANG_WARN_NON_LITERAL_NULL_CONVERSION = YES;
				CLANG_WARN_OBJC_IMPLICIT_RETAIN_SELF = YES;
				CLANG_WARN_OBJC_LITERAL_CONVERSION = YES;
				CLANG_WARN_OBJC_ROOT_CLASS = YES_ERROR;
				CLANG_WARN_RANGE_LOOP_ANALYSIS = YES;
				CLANG_WARN_STRICT_PROTOTYPES = YES;
				CLANG_WARN_SUSPICIOUS_MOVE = YES;
				CLANG_WARN_UNGUARDED_AVAILABILITY = YES_AGGRESSIVE;
				CLANG_WARN_UNREACHABLE_CODE = YES;
				CLANG_WARN__DUPLICATE_METHOD_MATCH = YES;
				CODE_SIGN_IDENTITY = "iPhone Developer";
				COPY_PHASE_STRIP = NO;
				DEBUG_INFORMATION_FORMAT = "dwarf-with-dsym";
				ENABLE_NS_ASSERTIONS = NO;
				ENABLE_STRICT_OBJC_MSGSEND = YES;
				GCC_C_LANGUAGE_STANDARD = gnu11;
				GCC_NO_COMMON_BLOCKS = YES;
				GCC_WARN_64_TO_32_BIT_CONVERSION = YES;
				GCC_WARN_ABOUT_RETURN_TYPE = YES_ERROR;
				GCC_WARN_UNDECLARED_SELECTOR = YES;
				GCC_WARN_UNINITIALIZED_AUTOS = YES_AGGRESSIVE;
				GCC_WARN_UNUSED_FUNCTION = YES;
				GCC_WARN_UNUSED_VARIABLE = YES;
				IPHONEOS_DEPLOYMENT_TARGET = 12.2;
				MTL_ENABLE_DEBUG_INFO = NO;
				MTL_FAST_MATH = YES;
				SDKROOT = iphoneos;
				SWIFT_COMPILATION_MODE = wholemodule;
				SWIFT_OPTIMIZATION_LEVEL = "-O";
				VALIDATE_PRODUCT = YES;
			};
			name = Release;
		};
		F61DD2BF22F3926900B31D4A /* Debug */ = {
			isa = XCBuildConfiguration;
			buildSettings = {
				ASSETCATALOG_COMPILER_APPICON_NAME = AppIcon;
				CODE_SIGN_STYLE = Automatic;
				DEVELOPMENT_TEAM = BTFUCZRXWP;
				INFOPLIST_FILE = "Doggoh-Starter/Info.plist";
				LD_RUNPATH_SEARCH_PATHS = (
					"$(inherited)",
					"@executable_path/Frameworks",
				);
				PRODUCT_BUNDLE_IDENTIFIER = "com.internship.Doggoh-Starter";
				PRODUCT_NAME = "$(TARGET_NAME)";
				SWIFT_VERSION = 5.0;
				TARGETED_DEVICE_FAMILY = "1,2";
			};
			name = Debug;
		};
		F61DD2C022F3926900B31D4A /* Release */ = {
			isa = XCBuildConfiguration;
			buildSettings = {
				ASSETCATALOG_COMPILER_APPICON_NAME = AppIcon;
				CODE_SIGN_STYLE = Automatic;
				DEVELOPMENT_TEAM = BTFUCZRXWP;
				INFOPLIST_FILE = "Doggoh-Starter/Info.plist";
				LD_RUNPATH_SEARCH_PATHS = (
					"$(inherited)",
					"@executable_path/Frameworks",
				);
				PRODUCT_BUNDLE_IDENTIFIER = "com.internship.Doggoh-Starter";
				PRODUCT_NAME = "$(TARGET_NAME)";
				SWIFT_VERSION = 5.0;
				TARGETED_DEVICE_FAMILY = "1,2";
			};
			name = Release;
		};
/* End XCBuildConfiguration section */

/* Begin XCConfigurationList section */
		F61DD2A722F3926700B31D4A /* Build configuration list for PBXProject "Doggoh-Starter" */ = {
			isa = XCConfigurationList;
			buildConfigurations = (
				F61DD2BC22F3926900B31D4A /* Debug */,
				F61DD2BD22F3926900B31D4A /* Release */,
			);
			defaultConfigurationIsVisible = 0;
			defaultConfigurationName = Release;
		};
		F61DD2BE22F3926900B31D4A /* Build configuration list for PBXNativeTarget "Doggoh-Starter" */ = {
			isa = XCConfigurationList;
			buildConfigurations = (
				F61DD2BF22F3926900B31D4A /* Debug */,
				F61DD2C022F3926900B31D4A /* Release */,
			);
			defaultConfigurationIsVisible = 0;
			defaultConfigurationName = Release;
		};
/* End XCConfigurationList section */
	};
	rootObject = F61DD2A422F3926700B31D4A /* Project object */;
}
